
Microsoft Visual Studio Solution File, Format Version 12.00
# Visual Studio Version 16
VisualStudioVersion = 16.0.31005.135
MinimumVisualStudioVersion = 10.0.40219.1
Project("{FAE04EC0-301F-11D3-BF4B-00C04F79EFBC}") = "OrdersManager.WPF", "OrdersManager.WPF\OrdersManager.WPF.csproj", "{53F501C7-0EFC-4FE8-B9D5-5D0A28561694}"
EndProject
Project("{FAE04EC0-301F-11D3-BF4B-00C04F79EFBC}") = "OrdersManager.DAL", "OrdersManager.DAL\OrdersManager.DAL.csproj", "{A27A05B4-F1BB-4C72-A6A8-701F00F45BB3}"
EndProject
Global
	GlobalSection(SolutionConfigurationPlatforms) = preSolution
		Debug|Any CPU = Debug|Any CPU
		Release|Any CPU = Release|Any CPU
	EndGlobalSection
	GlobalSection(ProjectConfigurationPlatforms) = postSolution
		{53F501C7-0EFC-4FE8-B9D5-5D0A28561694}.Debug|Any CPU.ActiveCfg = Debug|Any CPU
		{53F501C7-0EFC-4FE8-B9D5-5D0A28561694}.Debug|Any CPU.Build.0 = Debug|Any CPU
		{53F501C7-0EFC-4FE8-B9D5-5D0A28561694}.Release|Any CPU.ActiveCfg = Release|Any CPU
		{53F501C7-0EFC-4FE8-B9D5-5D0A28561694}.Release|Any CPU.Build.0 = Release|Any CPU
		{A27A05B4-F1BB-4C72-A6A8-701F00F45BB3}.Debug|Any CPU.ActiveCfg = Debug|Any CPU
		{A27A05B4-F1BB-4C72-A6A8-701F00F45BB3}.Debug|Any CPU.Build.0 = Debug|Any CPU
		{A27A05B4-F1BB-4C72-A6A8-701F00F45BB3}.Release|Any CPU.ActiveCfg = Release|Any CPU
		{A27A05B4-F1BB-4C72-A6A8-701F00F45BB3}.Release|Any CPU.Build.0 = Release|Any CPU
	EndGlobalSection
	GlobalSection(SolutionProperties) = preSolution
		HideSolutionNode = FALSE
	EndGlobalSection
	GlobalSection(ExtensibilityGlobals) = postSolution
		SolutionGuid = {7F65E7E9-C64C-49B3-AF5B-8303BFBD2E45}
	EndGlobalSection
EndGlobal
